
Microsoft Visual Studio Solution File, Format Version 12.00
# Visual Studio 15
VisualStudioVersion = 15.0.28307.136
MinimumVisualStudioVersion = 10.0.40219.1
Project("{FAE04EC0-301F-11D3-BF4B-00C04F79EFBC}") = "NeuronNetworkLibrary", "NeuronNetworkLibrary\NeuronNetworkLibrary.csproj", "{0A729889-5413-49F2-8C98-E54B6A017AE0}"
EndProject
Project("{FAE04EC0-301F-11D3-BF4B-00C04F79EFBC}") = "NeuronNetworkConsole", "NeuronNetworkConsole\NeuronNetworkConsole.csproj", "{486489B1-FFAF-49B6-9BCD-39C3ABAF09B7}"
EndProject
Global
	GlobalSection(SolutionConfigurationPlatforms) = preSolution
		Debug|Any CPU = Debug|Any CPU
		Release|Any CPU = Release|Any CPU
	EndGlobalSection
	GlobalSection(ProjectConfigurationPlatforms) = postSolution
		{0A729889-5413-49F2-8C98-E54B6A017AE0}.Debug|Any CPU.ActiveCfg = Debug|Any CPU
		{0A729889-5413-49F2-8C98-E54B6A017AE0}.Debug|Any CPU.Build.0 = Debug|Any CPU
		{0A729889-5413-49F2-8C98-E54B6A017AE0}.Release|Any CPU.ActiveCfg = Release|Any CPU
		{0A729889-5413-49F2-8C98-E54B6A017AE0}.Release|Any CPU.Build.0 = Release|Any CPU
		{486489B1-FFAF-49B6-9BCD-39C3ABAF09B7}.Debug|Any CPU.ActiveCfg = Debug|Any CPU
		{486489B1-FFAF-49B6-9BCD-39C3ABAF09B7}.Debug|Any CPU.Build.0 = Debug|Any CPU
		{486489B1-FFAF-49B6-9BCD-39C3ABAF09B7}.Release|Any CPU.ActiveCfg = Release|Any CPU
		{486489B1-FFAF-49B6-9BCD-39C3ABAF09B7}.Release|Any CPU.Build.0 = Release|Any CPU
	EndGlobalSection
	GlobalSection(SolutionProperties) = preSolution
		HideSolutionNode = FALSE
	EndGlobalSection
	GlobalSection(ExtensibilityGlobals) = postSolution
		SolutionGuid = {72AA3356-1D54-40AF-93BF-0FF2C8E16E17}
	EndGlobalSection
EndGlobal
